
Microsoft Visual Studio Solution File, Format Version 11.00
# Visual Studio 2010
Project("{FAE04EC0-301F-11D3-BF4B-00C04F79EFBC}") = "Assembly-CSharp-firstpass", "Assembly-CSharp-firstpass.csproj", "{01EF777C-ED23-813B-5752-7E176959A10B}"
EndProject
Project("{FAE04EC0-301F-11D3-BF4B-00C04F79EFBC}") = "Assembly-CSharp", "Assembly-CSharp.csproj", "{FCF95FC0-0702-60BB-79C9-9567AF360F45}"
EndProject
Project("{FAE04EC0-301F-11D3-BF4B-00C04F79EFBC}") = "Assembly-CSharp-Editor-firstpass", "Assembly-CSharp-Editor-firstpass.csproj", "{5D0A1204-D6C7-D1C3-7970-AC31F7C05583}"
EndProject
Global
	GlobalSection(SolutionConfigurationPlatforms) = preSolution
		Debug|Any CPU = Debug|Any CPU
		Release|Any CPU = Release|Any CPU
	EndGlobalSection
	GlobalSection(ProjectConfigurationPlatforms) = postSolution
		{01EF777C-ED23-813B-5752-7E176959A10B}.Debug|Any CPU.ActiveCfg = Debug|Any CPU
		{01EF777C-ED23-813B-5752-7E176959A10B}.Debug|Any CPU.Build.0 = Debug|Any CPU
		{01EF777C-ED23-813B-5752-7E176959A10B}.Release|Any CPU.ActiveCfg = Release|Any CPU
		{01EF777C-ED23-813B-5752-7E176959A10B}.Release|Any CPU.Build.0 = Release|Any CPU
		{FCF95FC0-0702-60BB-79C9-9567AF360F45}.Debug|Any CPU.ActiveCfg = Debug|Any CPU
		{FCF95FC0-0702-60BB-79C9-9567AF360F45}.Debug|Any CPU.Build.0 = Debug|Any CPU
		{FCF95FC0-0702-60BB-79C9-9567AF360F45}.Release|Any CPU.ActiveCfg = Release|Any CPU
		{FCF95FC0-0702-60BB-79C9-9567AF360F45}.Release|Any CPU.Build.0 = Release|Any CPU
		{5D0A1204-D6C7-D1C3-7970-AC31F7C05583}.Debug|Any CPU.ActiveCfg = Debug|Any CPU
		{5D0A1204-D6C7-D1C3-7970-AC31F7C05583}.Debug|Any CPU.Build.0 = Debug|Any CPU
		{5D0A1204-D6C7-D1C3-7970-AC31F7C05583}.Release|Any CPU.ActiveCfg = Release|Any CPU
		{5D0A1204-D6C7-D1C3-7970-AC31F7C05583}.Release|Any CPU.Build.0 = Release|Any CPU
	EndGlobalSection
	GlobalSection(SolutionProperties) = preSolution
		HideSolutionNode = FALSE
	EndGlobalSection
EndGlobal
